{"format_version":"1.2","terraform_version":"1.8.5","variables":{"pfsense":{"value":{"ip":"192.168.2.2","iso":"local:iso/pfSense-CE-2.7.2-RELEASE-amd64.iso","new_password":"pfsense30*#","password":"pfsense","vmid":"100"}},"pm_api":{"value":{"token_id":"dev@pve!devtoken","token_secret":"2ce0a460-58e6-4f22-b0f4-e77093fd3589","url":"https://192.168.1.68:8006/api2/json"}},"pools":{"value":{"admin_pool":"ADMIN","goad_pool":"GOAD","template_pool":"TEMPLATE"}},"provisioning":{"value":{"disk_size":"20G","gateway":"192.168.2.2","host":"provisioning","private_key":"ssh/provisioning_id_rsa","public_key":"ssh/provisioning_id_rsa.pub","root_password":"neimoh2eoSh7chou","template":"local:vztmpl/ubuntu-23.10-standard_23.10-1_amd64.tar.zst","vlanid":"10","vmid":"101"}}},"planned_values":{"outputs":{"vmid-test":{"sensitive":false,"type":"number","value":100}},"root_module":{"child_modules":[{"resources":[{"address":"module.pfsense.proxmox_vm_qemu.pfsense_install","mode":"managed","type":"proxmox_vm_qemu","name":"pfsense_install","provider_name":"registry.terraform.io/telmate/proxmox","schema_version":0,"values":{"additional_wait":5,"agent":0,"args":null,"automatic_reboot":true,"balloon":2048,"bios":"ovmf","bootdisk":"scsi0","bridge":null,"ci_wait":null,"cicustom":null,"cipassword":null,"ciuser":null,"clone":null,"clone_wait":10,"cloudinit_cdrom_storage":null,"cores":2,"cpu":"host","define_connection_info":true,"desc":"pfsense install","disk":[],"disk_gb":null,"disks":[{"ide":[],"sata":[],"scsi":[],"virtio":[{"virtio0":[{"cdrom":[],"disk":[{"asyncio":null,"backup":true,"cache":null,"discard":null,"format":"raw","iops_r_burst":0,"iops_r_burst_length":0,"iops_r_concurrent":0,"iops_wr_burst":0,"iops_wr_burst_length":0,"iops_wr_concurrent":0,"iothread":null,"mbps_r_burst":0,"mbps_r_concurrent":0,"mbps_wr_burst":0,"mbps_wr_concurrent":0,"readonly":null,"replicate":null,"serial":null,"size":20,"storage":"local-lvm","wwn":null}],"passthrough":[]}],"virtio1":[],"virtio10":[],"virtio11":[],"virtio12":[],"virtio13":[],"virtio14":[],"virtio15":[],"virtio2":[],"virtio3":[],"virtio4":[],"virtio5":[],"virtio6":[],"virtio7":[],"virtio8":[],"virtio9":[]}]}],"efidisk":[],"force_create":false,"force_recreate_on_change_of":null,"full_clone":true,"guest_agent_ready_timeout":100,"hagroup":null,"hastate":null,"hostpci":[],"hotplug":"network,disk,usb","ipconfig0":null,"ipconfig1":null,"ipconfig10":null,"ipconfig11":null,"ipconfig12":null,"ipconfig13":null,"ipconfig14":null,"ipconfig15":null,"ipconfig2":null,"ipconfig3":null,"ipconfig4":null,"ipconfig5":null,"ipconfig6":null,"ipconfig7":null,"ipconfig8":null,"ipconfig9":null,"iso":"local:iso/pfSense-CE-2.7.2-RELEASE-amd64.iso","kvm":true,"mac":null,"machine":null,"memory":2048,"name":"PFSENSE","network":[{"bridge":"vmbr1","firewall":false,"link_down":false,"model":"virtio","mtu":null,"tag":-1},{"bridge":"vmbr2","firewall":false,"link_down":false,"model":"virtio","mtu":null,"tag":-1},{"bridge":"vmbr3","firewall":false,"link_down":false,"model":"virtio","mtu":null,"tag":-1}],"nic":null,"numa":true,"onboot":true,"oncreate":false,"os_network_config":null,"os_type":null,"pool":"ADMIN","preprovision":true,"pxe":null,"qemu_os":null,"scsihw":"virtio-scsi-pci","serial":[],"sockets":2,"ssh_forward_ip":null,"ssh_private_key":null,"ssh_user":null,"sshkeys":null,"startup":null,"storage":null,"storage_type":null,"tablet":true,"target_node":"windows-perso","target_nodes":null,"timeouts":null,"usb":[],"vcpus":0,"vga":[],"vlan":-1,"vm_state":"running","vmid":100},"sensitive_values":{"cipassword":true,"disk":[],"disks":[{"ide":[],"sata":[],"scsi":[],"virtio":[{"virtio0":[{"cdrom":[],"disk":[{}],"passthrough":[]}],"virtio1":[],"virtio10":[],"virtio11":[],"virtio12":[],"virtio13":[],"virtio14":[],"virtio15":[],"virtio2":[],"virtio3":[],"virtio4":[],"virtio5":[],"virtio6":[],"virtio7":[],"virtio8":[],"virtio9":[]}]}],"efidisk":[],"hostpci":[],"network":[{},{},{}],"serial":[],"smbios":[],"ssh_private_key":true,"unused_disk":[],"usb":[],"vga":[]}}],"address":"module.pfsense"},{"resources":[{"address":"module.provisioning.null_resource.delete_goad_vms","mode":"managed","type":"null_resource","name":"delete_goad_vms","provider_name":"registry.terraform.io/hashicorp/null","schema_version":0,"values":{"triggers":null},"sensitive_values":{}},{"address":"module.provisioning.proxmox_lxc.goad_provisioning","mode":"managed","type":"proxmox_lxc","name":"goad_provisioning","provider_name":"registry.terraform.io/telmate/proxmox","schema_version":0,"values":{"arch":"amd64","bwlimit":null,"clone":null,"clone_storage":null,"cmode":"tty","console":true,"cores":4,"cpulimit":0,"cpuunits":1024,"description":null,"features":[],"force":null,"full":null,"hagroup":null,"hastate":null,"hookscript":null,"hostname":"PROVISIONING","ignore_unpack_errors":null,"lock":null,"memory":2048,"mountpoint":[],"nameserver":null,"network":[{"bridge":"vmbr2","firewall":null,"gw":"192.168.2.2","gw6":null,"ip":"dhcp","ip6":null,"mtu":null,"name":"eth0","rate":null}],"onboot":false,"ostemplate":"local:vztmpl/ubuntu-23.10-standard_23.10-1_amd64.tar.zst","password":"neimoh2eoSh7chou","pool":"ADMIN","protection":false,"restore":null,"rootfs":[{"acl":null,"quota":null,"replicate":null,"ro":null,"shared":null,"size":"20G","storage":"local-lvm"}],"searchdomain":null,"ssh_public_keys":"ssh-rsa AAAAB3NzaC1yc2EAAAADAQABAAACAQCejK2ZDmiDL5pdiTZ31JpBbw2Vu3N6XHXIcLib0Kh4xCxx5RR16NE8XUhVYcgtsS7sawmdUQHyYV6yp6FgJfR4WQrQjc0Ctk+HuVs6D6XcEjqmaVerDyE9DGrqO611Z36C8cpGIKiensEOo1J+t457r7Pb2EJk9ErFxfxDBW9uBr9OzGd/Q6O1XT5ZCBH1OzCrnzGSM8ZMtMrhNAdy3dD0IwieqIisBI0QdH5Lg3o9TX7rSAWEjQe652H/NuTdmBv7i5/goyFUenI0/22GF3SVppla2TamhonTjJPjquGN9N8OjqsInD8tRwJAuG5yLFzMkeIFqa6HBEolCVajjCcNK7xGq6gTvgWZyaVS15YwG5IBJaktQrXtPU9B3SvWAzpoaaw9TrpjlsuRnE27i54xZtGHMuGOKqB662UnXET7wOuxWCN3eQ+Xot1Em84aFukHSyg/+6bufGsn+mPsCstrpEgChKjkMDYrkrJRpAtNINlGVn8NbDZ0BfNjE2P24pkay1vKkpGcnVkxspHkhZo3iMByP1JNiAc1HRgkS0fmXaiEnly6s9yd+DR1/+axp72O713MZWtDz16GIpUsC33lIG22V1SvIpjq2bomuYrEMYHGvH/4V1eCs9JsP8in4UkV3phYEFoO7c3dByumzyUlU+5cVnWV9FkbYZndmtqDyw== root@windows-perso\n","start":true,"startup":null,"swap":1024,"tags":null,"target_node":"windows-perso","template":null,"timeouts":null,"tty":2,"unique":null,"unprivileged":true,"vmid":101},"sensitive_values":{"features":[],"mountpoint":[],"network":[{}],"password":true,"rootfs":[{}],"unused":[]}}],"address":"module.provisioning"}]}},"resource_drift":[{"address":"module.pfsense.proxmox_vm_qemu.pfsense_install","module_address":"module.pfsense","mode":"managed","type":"proxmox_vm_qemu","name":"pfsense_install","provider_name":"registry.terraform.io/telmate/proxmox","change":{"actions":["update"],"before":{"additional_wait":5,"agent":0,"args":null,"automatic_reboot":true,"balloon":2048,"bios":"ovmf","boot":null,"bootdisk":"scsi0","bridge":null,"ci_wait":null,"cicustom":null,"cipassword":null,"ciuser":null,"clone":null,"clone_wait":10,"cloudinit_cdrom_storage":null,"cores":2,"cpu":"host","default_ipv4_address":null,"define_connection_info":true,"desc":"pfsense install","disk":[],"disk_gb":null,"disks":[{"ide":[],"sata":[],"scsi":[],"virtio":[{"virtio0":[{"cdrom":[],"disk":[{"asyncio":"","backup":true,"cache":"","discard":false,"format":"raw","id":0,"iops_r_burst":0,"iops_r_burst_length":0,"iops_r_concurrent":0,"iops_wr_burst":0,"iops_wr_burst_length":0,"iops_wr_concurrent":0,"iothread":false,"linked_disk_id":0,"mbps_r_burst":0,"mbps_r_concurrent":0,"mbps_wr_burst":0,"mbps_wr_concurrent":0,"readonly":false,"replicate":false,"serial":"","size":20,"storage":"local-lvm","wwn":""}],"passthrough":[]}],"virtio1":[],"virtio10":[],"virtio11":[],"virtio12":[],"virtio13":[],"virtio14":[],"virtio15":[],"virtio2":[],"virtio3":[],"virtio4":[],"virtio5":[],"virtio6":[],"virtio7":[],"virtio8":[],"virtio9":[]}]}],"efidisk":[],"force_create":false,"force_recreate_on_change_of":null,"full_clone":true,"guest_agent_ready_timeout":100,"hagroup":null,"hastate":null,"hostpci":[],"hotplug":"network,disk,usb","id":"windows-perso/qemu/100","ipconfig0":null,"ipconfig1":null,"ipconfig10":null,"ipconfig11":null,"ipconfig12":null,"ipconfig13":null,"ipconfig14":null,"ipconfig15":null,"ipconfig2":null,"ipconfig3":null,"ipconfig4":null,"ipconfig5":null,"ipconfig6":null,"ipconfig7":null,"ipconfig8":null,"ipconfig9":null,"iso":"local:iso/pfSense-CE-2.7.2-RELEASE-amd64.iso","kvm":true,"linked_vmid":null,"mac":null,"machine":null,"memory":2048,"name":"PFSENSE","nameserver":null,"network":[{"bridge":"vmbr1","firewall":false,"link_down":false,"macaddr":"","model":"virtio","mtu":0,"queues":0,"rate":0,"tag":-1},{"bridge":"vmbr2","firewall":false,"link_down":false,"macaddr":"","model":"virtio","mtu":0,"queues":0,"rate":0,"tag":-1},{"bridge":"vmbr3","firewall":false,"link_down":false,"macaddr":"","model":"virtio","mtu":0,"queues":0,"rate":0,"tag":-1}],"nic":null,"numa":true,"onboot":true,"oncreate":false,"os_network_config":null,"os_type":null,"pool":"ADMIN","preprovision":true,"pxe":null,"qemu_os":null,"reboot_required":null,"scsihw":"virtio-scsi-pci","searchdomain":null,"serial":[],"smbios":[],"sockets":2,"ssh_forward_ip":null,"ssh_host":null,"ssh_port":null,"ssh_private_key":null,"ssh_user":null,"sshkeys":null,"startup":null,"storage":null,"storage_type":null,"tablet":true,"tags":null,"target_node":"windows-perso","target_nodes":null,"timeouts":null,"unused_disk":null,"usb":[],"vcpus":0,"vga":[],"vlan":-1,"vm_state":"running","vmid":100},"after":{"additional_wait":5,"agent":0,"args":"","automatic_reboot":true,"balloon":2048,"bios":"ovmf","boot":"order=virtio0;ide2;net0","bootdisk":"","bridge":null,"ci_wait":null,"cicustom":"","cipassword":"","ciuser":"","clone":null,"clone_wait":10,"cloudinit_cdrom_storage":"","cores":2,"cpu":"host","default_ipv4_address":null,"define_connection_info":true,"desc":"pfsense install","disk":[],"disk_gb":null,"disks":[{"ide":[],"sata":[],"scsi":[],"virtio":[{"virtio0":[{"cdrom":[],"disk":[{"asyncio":"","backup":true,"cache":"","discard":false,"format":"raw","id":0,"iops_r_burst":0,"iops_r_burst_length":0,"iops_r_concurrent":0,"iops_wr_burst":0,"iops_wr_burst_length":0,"iops_wr_concurrent":0,"iothread":false,"linked_disk_id":-1,"mbps_r_burst":0,"mbps_r_concurrent":0,"mbps_wr_burst":0,"mbps_wr_concurrent":0,"readonly":false,"replicate":false,"serial":"","size":20,"storage":"local-lvm","wwn":""}],"passthrough":[]}],"virtio1":[],"virtio10":[],"virtio11":[],"virtio12":[],"virtio13":[],"virtio14":[],"virtio15":[],"virtio2":[],"virtio3":[],"virtio4":[],"virtio5":[],"virtio6":[],"virtio7":[],"virtio8":[],"virtio9":[]}]}],"efidisk":[],"force_create":false,"force_recreate_on_change_of":null,"full_clone":true,"guest_agent_ready_timeout":100,"hagroup":"","hastate":"","hostpci":[],"hotplug":"network,disk,usb","id":"windows-perso/qemu/100","ipconfig0":"","ipconfig1":"","ipconfig10":"","ipconfig11":"","ipconfig12":"","ipconfig13":"","ipconfig14":"","ipconfig15":"","ipconfig2":"","ipconfig3":"","ipconfig4":"","ipconfig5":"","ipconfig6":"","ipconfig7":"","ipconfig8":"","ipconfig9":"","iso":"local:iso/pfSense-CE-2.7.2-RELEASE-amd64.iso","kvm":true,"linked_vmid":0,"mac":null,"machine":"","memory":2048,"name":"PFSENSE","nameserver":"","network":[{"bridge":"vmbr1","firewall":false,"link_down":false,"macaddr":"8A:8D:59:D0:B3:E0","model":"virtio","mtu":0,"queues":0,"rate":0,"tag":-1},{"bridge":"vmbr2","firewall":false,"link_down":false,"macaddr":"1E:AF:56:36:BF:8F","model":"virtio","mtu":0,"queues":0,"rate":0,"tag":-1},{"bridge":"vmbr3","firewall":false,"link_down":false,"macaddr":"E6:CE:21:82:D8:69","model":"virtio","mtu":0,"queues":0,"rate":0,"tag":-1}],"nic":null,"numa":true,"onboot":true,"oncreate":false,"os_network_config":null,"os_type":null,"pool":"","preprovision":true,"pxe":null,"qemu_os":"other","reboot_required":false,"scsihw":"virtio-scsi-pci","searchdomain":"","serial":[],"smbios":[{"family":"","manufacturer":"","product":"","serial":"","sku":"","uuid":"c92b6925-4e72-46d0-9597-0dcdc371f338","version":""}],"sockets":2,"ssh_forward_ip":null,"ssh_host":null,"ssh_port":null,"ssh_private_key":null,"ssh_user":null,"sshkeys":"","startup":"","storage":null,"storage_type":null,"tablet":true,"tags":"","target_node":"windows-perso","target_nodes":null,"timeouts":null,"unused_disk":[],"usb":[],"vcpus":0,"vga":[],"vlan":-1,"vm_state":"running","vmid":100},"after_unknown":{},"before_sensitive":{"cipassword":true,"disk":[],"disks":[{"ide":[],"sata":[],"scsi":[],"virtio":[{"virtio0":[{"cdrom":[],"disk":[{}],"passthrough":[]}],"virtio1":[],"virtio10":[],"virtio11":[],"virtio12":[],"virtio13":[],"virtio14":[],"virtio15":[],"virtio2":[],"virtio3":[],"virtio4":[],"virtio5":[],"virtio6":[],"virtio7":[],"virtio8":[],"virtio9":[]}]}],"efidisk":[],"hostpci":[],"network":[{},{},{}],"serial":[],"smbios":[],"ssh_private_key":true,"usb":[],"vga":[]},"after_sensitive":{"cipassword":true,"disk":[],"disks":[{"ide":[],"sata":[],"scsi":[],"virtio":[{"virtio0":[{"cdrom":[],"disk":[{}],"passthrough":[]}],"virtio1":[],"virtio10":[],"virtio11":[],"virtio12":[],"virtio13":[],"virtio14":[],"virtio15":[],"virtio2":[],"virtio3":[],"virtio4":[],"virtio5":[],"virtio6":[],"virtio7":[],"virtio8":[],"virtio9":[]}]}],"efidisk":[],"hostpci":[],"network":[{},{},{}],"serial":[],"smbios":[{}],"ssh_private_key":true,"unused_disk":[],"usb":[],"vga":[]}}}],"resource_changes":[{"address":"module.pfsense.proxmox_vm_qemu.pfsense_install","module_address":"module.pfsense","mode":"managed","type":"proxmox_vm_qemu","name":"pfsense_install","provider_name":"registry.terraform.io/telmate/proxmox","change":{"actions":["delete","create"],"before":{"additional_wait":5,"agent":0,"args":"","automatic_reboot":true,"balloon":2048,"bios":"ovmf","boot":"order=virtio0;ide2;net0","bootdisk":"","bridge":null,"ci_wait":null,"cicustom":"","cipassword":"","ciuser":"","clone":null,"clone_wait":10,"cloudinit_cdrom_storage":"","cores":2,"cpu":"host","default_ipv4_address":null,"define_connection_info":true,"desc":"pfsense install","disk":[],"disk_gb":null,"disks":[{"ide":[],"sata":[],"scsi":[],"virtio":[{"virtio0":[{"cdrom":[],"disk":[{"asyncio":"","backup":true,"cache":"","discard":false,"format":"raw","id":0,"iops_r_burst":0,"iops_r_burst_length":0,"iops_r_concurrent":0,"iops_wr_burst":0,"iops_wr_burst_length":0,"iops_wr_concurrent":0,"iothread":false,"linked_disk_id":-1,"mbps_r_burst":0,"mbps_r_concurrent":0,"mbps_wr_burst":0,"mbps_wr_concurrent":0,"readonly":false,"replicate":false,"serial":"","size":20,"storage":"local-lvm","wwn":""}],"passthrough":[]}],"virtio1":[],"virtio10":[],"virtio11":[],"virtio12":[],"virtio13":[],"virtio14":[],"virtio15":[],"virtio2":[],"virtio3":[],"virtio4":[],"virtio5":[],"virtio6":[],"virtio7":[],"virtio8":[],"virtio9":[]}]}],"efidisk":[],"force_create":false,"force_recreate_on_change_of":null,"full_clone":true,"guest_agent_ready_timeout":100,"hagroup":"","hastate":"","hostpci":[],"hotplug":"network,disk,usb","id":"windows-perso/qemu/100","ipconfig0":"","ipconfig1":"","ipconfig10":"","ipconfig11":"","ipconfig12":"","ipconfig13":"","ipconfig14":"","ipconfig15":"","ipconfig2":"","ipconfig3":"","ipconfig4":"","ipconfig5":"","ipconfig6":"","ipconfig7":"","ipconfig8":"","ipconfig9":"","iso":"local:iso/pfSense-CE-2.7.2-RELEASE-amd64.iso","kvm":true,"linked_vmid":0,"mac":null,"machine":"","memory":2048,"name":"PFSENSE","nameserver":"","network":[{"bridge":"vmbr1","firewall":false,"link_down":false,"macaddr":"8A:8D:59:D0:B3:E0","model":"virtio","mtu":0,"queues":0,"rate":0,"tag":-1},{"bridge":"vmbr2","firewall":false,"link_down":false,"macaddr":"1E:AF:56:36:BF:8F","model":"virtio","mtu":0,"queues":0,"rate":0,"tag":-1},{"bridge":"vmbr3","firewall":false,"link_down":false,"macaddr":"E6:CE:21:82:D8:69","model":"virtio","mtu":0,"queues":0,"rate":0,"tag":-1}],"nic":null,"numa":true,"onboot":true,"oncreate":false,"os_network_config":null,"os_type":null,"pool":"","preprovision":true,"pxe":null,"qemu_os":"other","reboot_required":false,"scsihw":"virtio-scsi-pci","searchdomain":"","serial":[],"smbios":[{"family":"","manufacturer":"","product":"","serial":"","sku":"","uuid":"c92b6925-4e72-46d0-9597-0dcdc371f338","version":""}],"sockets":2,"ssh_forward_ip":null,"ssh_host":null,"ssh_port":null,"ssh_private_key":null,"ssh_user":null,"sshkeys":"","startup":"","storage":null,"storage_type":null,"tablet":true,"tags":"","target_node":"windows-perso","target_nodes":null,"timeouts":null,"unused_disk":[],"usb":[],"vcpus":0,"vga":[],"vlan":-1,"vm_state":"running","vmid":100},"after":{"additional_wait":5,"agent":0,"args":null,"automatic_reboot":true,"balloon":2048,"bios":"ovmf","bootdisk":"scsi0","bridge":null,"ci_wait":null,"cicustom":null,"cipassword":null,"ciuser":null,"clone":null,"clone_wait":10,"cloudinit_cdrom_storage":null,"cores":2,"cpu":"host","define_connection_info":true,"desc":"pfsense install","disk":[],"disk_gb":null,"disks":[{"ide":[],"sata":[],"scsi":[],"virtio":[{"virtio0":[{"cdrom":[],"disk":[{"asyncio":null,"backup":true,"cache":null,"discard":null,"format":"raw","iops_r_burst":0,"iops_r_burst_length":0,"iops_r_concurrent":0,"iops_wr_burst":0,"iops_wr_burst_length":0,"iops_wr_concurrent":0,"iothread":null,"mbps_r_burst":0,"mbps_r_concurrent":0,"mbps_wr_burst":0,"mbps_wr_concurrent":0,"readonly":null,"replicate":null,"serial":null,"size":20,"storage":"local-lvm","wwn":null}],"passthrough":[]}],"virtio1":[],"virtio10":[],"virtio11":[],"virtio12":[],"virtio13":[],"virtio14":[],"virtio15":[],"virtio2":[],"virtio3":[],"virtio4":[],"virtio5":[],"virtio6":[],"virtio7":[],"virtio8":[],"virtio9":[]}]}],"efidisk":[],"force_create":false,"force_recreate_on_change_of":null,"full_clone":true,"guest_agent_ready_timeout":100,"hagroup":null,"hastate":null,"hostpci":[],"hotplug":"network,disk,usb","ipconfig0":null,"ipconfig1":null,"ipconfig10":null,"ipconfig11":null,"ipconfig12":null,"ipconfig13":null,"ipconfig14":null,"ipconfig15":null,"ipconfig2":null,"ipconfig3":null,"ipconfig4":null,"ipconfig5":null,"ipconfig6":null,"ipconfig7":null,"ipconfig8":null,"ipconfig9":null,"iso":"local:iso/pfSense-CE-2.7.2-RELEASE-amd64.iso","kvm":true,"mac":null,"machine":null,"memory":2048,"name":"PFSENSE","network":[{"bridge":"vmbr1","firewall":false,"link_down":false,"model":"virtio","mtu":null,"tag":-1},{"bridge":"vmbr2","firewall":false,"link_down":false,"model":"virtio","mtu":null,"tag":-1},{"bridge":"vmbr3","firewall":false,"link_down":false,"model":"virtio","mtu":null,"tag":-1}],"nic":null,"numa":true,"onboot":true,"oncreate":false,"os_network_config":null,"os_type":null,"pool":"ADMIN","preprovision":true,"pxe":null,"qemu_os":null,"scsihw":"virtio-scsi-pci","serial":[],"sockets":2,"ssh_forward_ip":null,"ssh_private_key":null,"ssh_user":null,"sshkeys":null,"startup":null,"storage":null,"storage_type":null,"tablet":true,"target_node":"windows-perso","target_nodes":null,"timeouts":null,"usb":[],"vcpus":0,"vga":[],"vlan":-1,"vm_state":"running","vmid":100},"after_unknown":{"boot":true,"default_ipv4_address":true,"disk":[],"disks":[{"ide":[],"sata":[],"scsi":[],"virtio":[{"virtio0":[{"cdrom":[],"disk":[{"id":true,"linked_disk_id":true}],"passthrough":[]}],"virtio1":[],"virtio10":[],"virtio11":[],"virtio12":[],"virtio13":[],"virtio14":[],"virtio15":[],"virtio2":[],"virtio3":[],"virtio4":[],"virtio5":[],"virtio6":[],"virtio7":[],"virtio8":[],"virtio9":[]}]}],"efidisk":[],"hostpci":[],"id":true,"linked_vmid":true,"nameserver":true,"network":[{"macaddr":true,"queues":true,"rate":true},{"macaddr":true,"queues":true,"rate":true},{"macaddr":true,"queues":true,"rate":true}],"reboot_required":true,"searchdomain":true,"serial":[],"smbios":true,"ssh_host":true,"ssh_port":true,"tags":true,"unused_disk":true,"usb":[],"vga":[]},"before_sensitive":{"cipassword":true,"disk":[],"disks":[{"ide":[],"sata":[],"scsi":[],"virtio":[{"virtio0":[{"cdrom":[],"disk":[{}],"passthrough":[]}],"virtio1":[],"virtio10":[],"virtio11":[],"virtio12":[],"virtio13":[],"virtio14":[],"virtio15":[],"virtio2":[],"virtio3":[],"virtio4":[],"virtio5":[],"virtio6":[],"virtio7":[],"virtio8":[],"virtio9":[]}]}],"efidisk":[],"hostpci":[],"network":[{},{},{}],"serial":[],"smbios":[{}],"ssh_private_key":true,"unused_disk":[],"usb":[],"vga":[]},"after_sensitive":{"cipassword":true,"disk":[],"disks":[{"ide":[],"sata":[],"scsi":[],"virtio":[{"virtio0":[{"cdrom":[],"disk":[{}],"passthrough":[]}],"virtio1":[],"virtio10":[],"virtio11":[],"virtio12":[],"virtio13":[],"virtio14":[],"virtio15":[],"virtio2":[],"virtio3":[],"virtio4":[],"virtio5":[],"virtio6":[],"virtio7":[],"virtio8":[],"virtio9":[]}]}],"efidisk":[],"hostpci":[],"network":[{},{},{}],"serial":[],"smbios":[],"ssh_private_key":true,"unused_disk":[],"usb":[],"vga":[]}},"action_reason":"replace_because_tainted"},{"address":"module.provisioning.null_resource.delete_goad_vms","module_address":"module.provisioning","mode":"managed","type":"null_resource","name":"delete_goad_vms","provider_name":"registry.terraform.io/hashicorp/null","change":{"actions":["create"],"before":null,"after":{"triggers":null},"after_unknown":{"id":true},"before_sensitive":false,"after_sensitive":{}}},{"address":"module.provisioning.proxmox_lxc.goad_provisioning","module_address":"module.provisioning","mode":"managed","type":"proxmox_lxc","name":"goad_provisioning","provider_name":"registry.terraform.io/telmate/proxmox","change":{"actions":["create"],"before":null,"after":{"arch":"amd64","bwlimit":null,"clone":null,"clone_storage":null,"cmode":"tty","console":true,"cores":4,"cpulimit":0,"cpuunits":1024,"description":null,"features":[],"force":null,"full":null,"hagroup":null,"hastate":null,"hookscript":null,"hostname":"PROVISIONING","ignore_unpack_errors":null,"lock":null,"memory":2048,"mountpoint":[],"nameserver":null,"network":[{"bridge":"vmbr2","firewall":null,"gw":"192.168.2.2","gw6":null,"ip":"dhcp","ip6":null,"mtu":null,"name":"eth0","rate":null}],"onboot":false,"ostemplate":"local:vztmpl/ubuntu-23.10-standard_23.10-1_amd64.tar.zst","password":"neimoh2eoSh7chou","pool":"ADMIN","protection":false,"restore":null,"rootfs":[{"acl":null,"quota":null,"replicate":null,"ro":null,"shared":null,"size":"20G","storage":"local-lvm"}],"searchdomain":null,"ssh_public_keys":"ssh-rsa AAAAB3NzaC1yc2EAAAADAQABAAACAQCejK2ZDmiDL5pdiTZ31JpBbw2Vu3N6XHXIcLib0Kh4xCxx5RR16NE8XUhVYcgtsS7sawmdUQHyYV6yp6FgJfR4WQrQjc0Ctk+HuVs6D6XcEjqmaVerDyE9DGrqO611Z36C8cpGIKiensEOo1J+t457r7Pb2EJk9ErFxfxDBW9uBr9OzGd/Q6O1XT5ZCBH1OzCrnzGSM8ZMtMrhNAdy3dD0IwieqIisBI0QdH5Lg3o9TX7rSAWEjQe652H/NuTdmBv7i5/goyFUenI0/22GF3SVppla2TamhonTjJPjquGN9N8OjqsInD8tRwJAuG5yLFzMkeIFqa6HBEolCVajjCcNK7xGq6gTvgWZyaVS15YwG5IBJaktQrXtPU9B3SvWAzpoaaw9TrpjlsuRnE27i54xZtGHMuGOKqB662UnXET7wOuxWCN3eQ+Xot1Em84aFukHSyg/+6bufGsn+mPsCstrpEgChKjkMDYrkrJRpAtNINlGVn8NbDZ0BfNjE2P24pkay1vKkpGcnVkxspHkhZo3iMByP1JNiAc1HRgkS0fmXaiEnly6s9yd+DR1/+axp72O713MZWtDz16GIpUsC33lIG22V1SvIpjq2bomuYrEMYHGvH/4V1eCs9JsP8in4UkV3phYEFoO7c3dByumzyUlU+5cVnWV9FkbYZndmtqDyw== root@windows-perso\n","start":true,"startup":null,"swap":1024,"tags":null,"target_node":"windows-perso","template":null,"timeouts":null,"tty":2,"unique":null,"unprivileged":true,"vmid":101},"after_unknown":{"features":[],"id":true,"mountpoint":[],"network":[{"hwaddr":true,"id":true,"tag":true,"trunks":true,"type":true}],"ostype":true,"rootfs":[{"volume":true}],"unused":true},"before_sensitive":false,"after_sensitive":{"features":[],"mountpoint":[],"network":[{}],"password":true,"rootfs":[{}],"unused":[]}}}],"output_changes":{"vmid-test":{"actions":["no-op"],"before":100,"after":100,"after_unknown":false,"before_sensitive":false,"after_sensitive":false}},"prior_state":{"format_version":"1.0","terraform_version":"1.8.5","values":{"outputs":{"vmid-test":{"sensitive":false,"value":100,"type":"number"}},"root_module":{"child_modules":[{"resources":[{"address":"module.pfsense.proxmox_vm_qemu.pfsense_install","mode":"managed","type":"proxmox_vm_qemu","name":"pfsense_install","provider_name":"registry.terraform.io/telmate/proxmox","schema_version":0,"values":{"additional_wait":5,"agent":0,"args":"","automatic_reboot":true,"balloon":2048,"bios":"ovmf","boot":"order=virtio0;ide2;net0","bootdisk":"","bridge":null,"ci_wait":null,"cicustom":"","cipassword":"","ciuser":"","clone":null,"clone_wait":10,"cloudinit_cdrom_storage":"","cores":2,"cpu":"host","default_ipv4_address":null,"define_connection_info":true,"desc":"pfsense install","disk":[],"disk_gb":null,"disks":[{"ide":[],"sata":[],"scsi":[],"virtio":[{"virtio0":[{"cdrom":[],"disk":[{"asyncio":"","backup":true,"cache":"","discard":false,"format":"raw","id":0,"iops_r_burst":0,"iops_r_burst_length":0,"iops_r_concurrent":0,"iops_wr_burst":0,"iops_wr_burst_length":0,"iops_wr_concurrent":0,"iothread":false,"linked_disk_id":-1,"mbps_r_burst":0,"mbps_r_concurrent":0,"mbps_wr_burst":0,"mbps_wr_concurrent":0,"readonly":false,"replicate":false,"serial":"","size":20,"storage":"local-lvm","wwn":""}],"passthrough":[]}],"virtio1":[],"virtio10":[],"virtio11":[],"virtio12":[],"virtio13":[],"virtio14":[],"virtio15":[],"virtio2":[],"virtio3":[],"virtio4":[],"virtio5":[],"virtio6":[],"virtio7":[],"virtio8":[],"virtio9":[]}]}],"efidisk":[],"force_create":false,"force_recreate_on_change_of":null,"full_clone":true,"guest_agent_ready_timeout":100,"hagroup":"","hastate":"","hostpci":[],"hotplug":"network,disk,usb","id":"windows-perso/qemu/100","ipconfig0":"","ipconfig1":"","ipconfig10":"","ipconfig11":"","ipconfig12":"","ipconfig13":"","ipconfig14":"","ipconfig15":"","ipconfig2":"","ipconfig3":"","ipconfig4":"","ipconfig5":"","ipconfig6":"","ipconfig7":"","ipconfig8":"","ipconfig9":"","iso":"local:iso/pfSense-CE-2.7.2-RELEASE-amd64.iso","kvm":true,"linked_vmid":0,"mac":null,"machine":"","memory":2048,"name":"PFSENSE","nameserver":"","network":[{"bridge":"vmbr1","firewall":false,"link_down":false,"macaddr":"8A:8D:59:D0:B3:E0","model":"virtio","mtu":0,"queues":0,"rate":0,"tag":-1},{"bridge":"vmbr2","firewall":false,"link_down":false,"macaddr":"1E:AF:56:36:BF:8F","model":"virtio","mtu":0,"queues":0,"rate":0,"tag":-1},{"bridge":"vmbr3","firewall":false,"link_down":false,"macaddr":"E6:CE:21:82:D8:69","model":"virtio","mtu":0,"queues":0,"rate":0,"tag":-1}],"nic":null,"numa":true,"onboot":true,"oncreate":false,"os_network_config":null,"os_type":null,"pool":"","preprovision":true,"pxe":null,"qemu_os":"other","reboot_required":false,"scsihw":"virtio-scsi-pci","searchdomain":"","serial":[],"smbios":[{"family":"","manufacturer":"","product":"","serial":"","sku":"","uuid":"c92b6925-4e72-46d0-9597-0dcdc371f338","version":""}],"sockets":2,"ssh_forward_ip":null,"ssh_host":null,"ssh_port":null,"ssh_private_key":null,"ssh_user":null,"sshkeys":"","startup":"","storage":null,"storage_type":null,"tablet":true,"tags":"","target_node":"windows-perso","target_nodes":null,"timeouts":null,"unused_disk":[],"usb":[],"vcpus":0,"vga":[],"vlan":-1,"vm_state":"running","vmid":100},"sensitive_values":{"cipassword":true,"disk":[],"disks":[{"ide":[],"sata":[],"scsi":[],"virtio":[{"virtio0":[{"cdrom":[],"disk":[{}],"passthrough":[]}],"virtio1":[],"virtio10":[],"virtio11":[],"virtio12":[],"virtio13":[],"virtio14":[],"virtio15":[],"virtio2":[],"virtio3":[],"virtio4":[],"virtio5":[],"virtio6":[],"virtio7":[],"virtio8":[],"virtio9":[]}]}],"efidisk":[],"hostpci":[],"network":[{},{},{}],"serial":[],"smbios":[{}],"ssh_private_key":true,"unused_disk":[],"usb":[],"vga":[]},"tainted":true}],"address":"module.pfsense"}]}}},"configuration":{"provider_config":{"module.provisioning:null":{"name":"null","full_name":"registry.terraform.io/hashicorp/null","module_address":"module.provisioning"},"proxmox":{"name":"proxmox","full_name":"registry.terraform.io/telmate/proxmox","version_constraint":"3.0.1-rc1","expressions":{"pm_api_token_id":{"references":["var.pm_api.token_id","var.pm_api"]},"pm_api_token_secret":{"references":["var.pm_api.token_secret","var.pm_api"]},"pm_api_url":{"references":["var.pm_api.url","var.pm_api"]},"pm_parallel":{"constant_value":3},"pm_tls_insecure":{"constant_value":true}}}},"root_module":{"outputs":{"vmid-test":{"expression":{"references":["module.pfsense.vmid","module.pfsense"]},"description":"Proxmox vm id"}},"module_calls":{"pfsense":{"source":"./modules/pfsense/","expressions":{"pfsense":{"references":["var.pfsense.ip","var.pfsense","var.pfsense.password","var.pfsense","var.pfsense.new_password","var.pfsense","var.pfsense.iso","var.pfsense","var.pfsense.vmid","var.pfsense"]}},"module":{"outputs":{"vmid":{"expression":{"references":["proxmox_vm_qemu.pfsense_install.vmid","proxmox_vm_qemu.pfsense_install"]},"description":"Proxmox vm id"}},"resources":[{"address":"proxmox_vm_qemu.pfsense_install","mode":"managed","type":"proxmox_vm_qemu","name":"pfsense_install","provider_config_key":"proxmox","provisioners":[{"type":"local-exec","expressions":{"command":{"references":["proxmox_vm_qemu.pfsense_install.vmid","proxmox_vm_qemu.pfsense_install"]},"interpreter":{"constant_value":["bash","-c"]},"working_dir":{"references":["path.module"]}}},{"type":"remote-exec","expressions":{"inline":{"constant_value":["pkg update -y","pkg install -y qemu-guest-agent","pkg install -y sudo","pkg install -y vim","pkg install -y pfSense-pkg-openvpn-client-export","python3.11 -m ensurepip","python3.11 -m pip install --upgrade pip","sysrc sshd_enable='YES'","pkg install -y qemu-guest-agent","service qemu-guest-agent start","sysrc qemu_guest_agent_enable='YES'","sysrc qemu_guest_agent_flags='-d -v -l /var/log/qemu-ga.log'","service qemu-guest-agent start","service qemu-guest-agent status"]}}},{"type":"local-exec","expressions":{"command":{"constant_value":"ansible-playbook -i inventory.yml playbook.yml"},"interpreter":{"constant_value":["bash","-c"]},"working_dir":{"references":["path.module"]}}},{"type":"remote-exec","expressions":{"inline":{"constant_value":["/etc/rc.reload_all"]}}}],"expressions":{"agent":{"constant_value":0},"balloon":{"constant_value":2048},"bios":{"constant_value":"ovmf"},"bootdisk":{"constant_value":"scsi0"},"cores":{"constant_value":"2"},"desc":{"constant_value":"pfsense install"},"disks":[{"virtio":[{"virtio0":[{"disk":[{"backup":{"constant_value":true},"format":{"constant_value":"raw"},"size":{"constant_value":"20"},"storage":{"constant_value":"local-lvm"}}]}]}]}],"iso":{"references":["var.pfsense.iso","var.pfsense"]},"memory":{"constant_value":2048},"name":{"constant_value":"PFSENSE"},"network":[{"bridge":{"constant_value":"vmbr1"},"model":{"constant_value":"virtio"}},{"bridge":{"constant_value":"vmbr2"},"model":{"constant_value":"virtio"}},{"bridge":{"constant_value":"vmbr3"},"model":{"constant_value":"virtio"}}],"numa":{"constant_value":true},"onboot":{"constant_value":true},"pool":{"constant_value":"ADMIN"},"scsihw":{"constant_value":"virtio-scsi-pci"},"sockets":{"constant_value":"2"},"target_node":{"constant_value":"windows-perso"},"vmid":{"references":["var.pfsense.vmid","var.pfsense"]}},"schema_version":0}],"variables":{"pfsense":{"default":{"ip":"","iso":"","new_password":"","password":"","vmid":0}},"pm_api":{"default":{"token_id":"","token_secret":"","url":""}}}}},"provisioning":{"source":"./modules/provisioning","expressions":{"provisioning":{"references":["var.provisioning.vmid","var.provisioning","var.provisioning.disk_size","var.provisioning","var.provisioning.template","var.provisioning","var.provisioning.host","var.provisioning","var.provisioning.gateway","var.provisioning","var.provisioning.root_password","var.provisioning","var.provisioning.private_key","var.provisioning","var.provisioning.public_key","var.provisioning"]}},"module":{"resources":[{"address":"null_resource.delete_goad_vms","mode":"managed","type":"null_resource","name":"delete_goad_vms","provider_config_key":"module.provisioning:null","provisioners":[{"type":"local-exec","expressions":{"command":{"constant_value":"bash modules/provisioning/scripts/destroy.sh"}}}],"schema_version":0},{"address":"proxmox_lxc.goad_provisioning","mode":"managed","type":"proxmox_lxc","name":"goad_provisioning","provider_config_key":"proxmox","provisioners":[{"type":"remote-exec","expressions":{"script":{"constant_value":"modules/provisioning/scripts/post-install.sh"}}},{"type":"file","expressions":{"destination":{"constant_value":"/root/GIT/GOAD/packer/proxmox/config.auto.pkrvars.hcl"},"source":{"constant_value":"files/config.auto.pkrvars.hcl"}}},{"type":"remote-exec","expressions":{"script":{"constant_value":"modules/provisioning/scripts/packer-templating.sh"}}},{"type":"local-exec","expressions":{"command":{"references":["var.provisioning.private_key","var.provisioning"]}}},{"type":"local-exec","expressions":{"command":{"constant_value":"wget -nc -O /var/lib/vz/template/iso/virtio-win.iso https://fedorapeople.org/groups/virt/virtio-win/direct-downloads/stable-virtio/virtio-win.iso||true"}}},{"type":"local-exec","expressions":{"command":{"constant_value":"bash install/goad-provisioning.sh"}}},{"type":"file","expressions":{"destination":{"constant_value":"/root/GIT/GOAD/ad/GOAD/providers/proxmox/terraform/variables.tf"},"source":{"constant_value":"files/goad-provisioning.variables.tf"}}},{"type":"remote-exec","expressions":{"script":{"constant_value":"modules/provisioning/scripts/terraform.sh"}}},{"type":"local-exec","expressions":{"command":{"constant_value":"bash modules/provisioning/scripts/snapshot.sh"}}}],"expressions":{"arch":{"constant_value":"amd64"},"cores":{"constant_value":4},"hostname":{"constant_value":"PROVISIONING"},"memory":{"constant_value":2048},"network":[{"bridge":{"constant_value":"vmbr2"},"gw":{"references":["var.provisioning.gateway","var.provisioning"]},"ip":{"constant_value":"dhcp"},"name":{"constant_value":"eth0"}}],"ostemplate":{"references":["var.provisioning.template","var.provisioning"]},"password":{"references":["var.provisioning.root_password","var.provisioning"]},"pool":{"constant_value":"ADMIN"},"rootfs":[{"size":{"constant_value":"20G"},"storage":{"constant_value":"local-lvm"}}],"ssh_public_keys":{"references":["var.provisioning.public_key","var.provisioning"]},"start":{"constant_value":true},"swap":{"constant_value":1024},"target_node":{"constant_value":"windows-perso"},"unprivileged":{"constant_value":true},"vmid":{"references":["var.provisioning.vmid","var.provisioning"]}},"schema_version":0}],"variables":{"provisioning":{"default":{"disk_size":"","gateway":"","host":"","private_key":"","public_key":"","root_password":"","template":"","vmid":0}}}},"depends_on":["module.pfsense"]}},"variables":{"pfsense":{"default":{"ip":"","iso":"","new_password":"","password":"","vmid":0}},"pm_api":{"default":{"token_id":"","token_secret":"","url":""}},"pools":{"default":{"admin_pool":"","goad_pool":"","template_pool":""}},"provisioning":{"default":{"disk_size":"","gateway":"","host":"","private_key":"","public_key":"","root_password":"","template":"","vlanid":0,"vmid":0}}}}},"relevant_attributes":[{"resource":"module.pfsense.proxmox_vm_qemu.pfsense_install","attribute":["vmid"]}],"timestamp":"2024-06-24T05:20:09Z","applyable":true,"complete":true,"errored":false}
